{
  "name": "database-abstraction-layer",
  "version": "1.0.0",
  "lockfileVersion": 3,
  "requires": true,
  "packages": {
    "": {
      "name": "database-abstraction-layer",
      "version": "1.0.0",
      "license": "MIT",
      "dependencies": {
        "manofthemooon-clitool": "^1.0.0"
      }
    },
    "node_modules/manofthemooon-clitool": {
      "version": "1.0.0",
      "resolved": "https://registry.npmjs.org/manofthemooon-clitool/-/manofthemooon-clitool-1.0.0.tgz",
      "integrity": "sha512-X7/rZY/EEpBqaFqLHmsuaVx1NIcW1lVlzjZTHjDeVzz7HBetygglv9o1jzaHfUwgAy18GE8jzxsCX1AJacvBtQ=="
    }
  }
}
